
Microsoft Visual Studio Solution File, Format Version 12.00
# Visual Studio Version 16
VisualStudioVersion = 16.0.29728.190
MinimumVisualStudioVersion = 10.0.40219.1
Project("{FAE04EC0-301F-11D3-BF4B-00C04F79EFBC}") = "RoadAccidentApp", "RoadAccidentApp\RoadAccidentApp.csproj", "{C9E04D1E-3A36-4036-9EDC-C23722BAA3E4}"
EndProject
Global
	GlobalSection(SolutionConfigurationPlatforms) = preSolution
		Debug|Any CPU = Debug|Any CPU
		Release|Any CPU = Release|Any CPU
	EndGlobalSection
	GlobalSection(ProjectConfigurationPlatforms) = postSolution
		{C9E04D1E-3A36-4036-9EDC-C23722BAA3E4}.Debug|Any CPU.ActiveCfg = Debug|Any CPU
		{C9E04D1E-3A36-4036-9EDC-C23722BAA3E4}.Debug|Any CPU.Build.0 = Debug|Any CPU
		{C9E04D1E-3A36-4036-9EDC-C23722BAA3E4}.Release|Any CPU.ActiveCfg = Release|Any CPU
		{C9E04D1E-3A36-4036-9EDC-C23722BAA3E4}.Release|Any CPU.Build.0 = Release|Any CPU
	EndGlobalSection
	GlobalSection(SolutionProperties) = preSolution
		HideSolutionNode = FALSE
	EndGlobalSection
	GlobalSection(ExtensibilityGlobals) = postSolution
		SolutionGuid = {E48751BB-495A-44F0-B838-B99B46B5F6D0}
	EndGlobalSection
EndGlobal
